// !$*UTF8*$!
{
	archiveVersion = 1;
	classes = {
	};
	objectVersion = 77;
	objects = {

/* Begin PBXContainerItemProxy section */
		B713AA102EFF3630005F14C2 /* PBXContainerItemProxy */ = {
			isa = PBXContainerItemProxy;
			containerPortal = B713A9F72EFF362F005F14C2 /* Project object */;
			proxyType = 1;
			remoteGlobalIDString = B713A9FE2EFF362F005F14C2;
			remoteInfo = CashGameCalculator;
		};
		B713AA1A2EFF3630005F14C2 /* PBXContainerItemProxy */ = {
			isa = PBXContainerItemProxy;
			containerPortal = B713A9F72EFF362F005F14C2 /* Project object */;
			proxyType = 1;
			remoteGlobalIDString = B713A9FE2EFF362F005F14C2;
			remoteInfo = CashGameCalculator;
		};
/* End PBXContainerItemProxy section */

/* Begin PBXFileReference section */
		B713A9FF2EFF362F005F14C2 /* CashGameCalculator.app */ = {isa = PBXFileReference; explicitFileType = wrapper.application; includeInIndex = 0; path = CashGameCalculator.app; sourceTree = BUILT_PRODUCTS_DIR; };
		B713AA0F2EFF3630005F14C2 /* CashGameCalculatorTests.xctest */ = {isa = PBXFileReference; explicitFileType = wrapper.cfbundle; includeInIndex = 0; path = CashGameCalculatorTests.xctest; sourceTree = BUILT_PRODUCTS_DIR; };
		B713AA192EFF3630005F14C2 /* CashGameCalculatorUITests.xctest */ = {isa = PBXFileReference; explicitFileType = wrapper.cfbundle; includeInIndex = 0; path = CashGameCalculatorUITests.xctest; sourceTree = BUILT_PRODUCTS_DIR; };
/* End PBXFileReference section */

/* Begin PBXFileSystemSynchronizedRootGroup section */
		B713AA012EFF362F005F14C2 /* CashGameCalculator */ = {
			isa = PBXFileSystemSynchronizedRootGroup;
			path = CashGameCalculator;
			sourceTree = "<group>";
		};
		B713AA122EFF3630005F14C2 /* CashGameCalculatorTests */ = {
			isa = PBXFileSystemSynchronizedRootGroup;
			path = CashGameCalculatorTests;
			sourceTree = "<group>";
		};
		B713AA1C2EFF3630005F14C2 /* CashGameCalculatorUITests */ = {
			isa = PBXFileSystemSynchronizedRootGroup;
			path = CashGameCalculatorUITests;
			sourceTree = "<group>";
		};
/* End PBXFileSystemSynchronizedRootGroup section */

/* Begin PBXFrameworksBuildPhase section */
		B713A9FC2EFF362F005F14C2 /* Frameworks */ = {
			isa = PBXFrameworksBuildPhase;
			buildActionMask = 2147483647;
			files = (
			);
			runOnlyForDeploymentPostprocessing = 0;
		};
		B713AA0C2EFF3630005F14C2 /* Frameworks */ = {
			isa = PBXFrameworksBuildPhase;
			buildActionMask = 2147483647;
			files = (
			);
			runOnlyForDeploymentPostprocessing = 0;
		};
		B713AA162EFF3630005F14C2 /* Frameworks */ = {
			isa = PBXFrameworksBuildPhase;
			buildActionMask = 2147483647;
			files = (
			);
			runOnlyForDeploymentPostprocessing = 0;
		};
/* End PBXFrameworksBuildPhase section */

/* Begin PBXGroup section */
		B713A9F62EFF362F005F14C2 = {
			isa = PBXGroup;
			children = (
				B713AA012EFF362F005F14C2 /* CashGameCalculator */,
				B713AA122EFF3630005F14C2 /* CashGameCalculatorTests */,
				B713AA1C2EFF3630005F14C2 /* CashGameCalculatorUITests */,
				B713AA002EFF362F005F14C2 /* Products */,
			);
			sourceTree = "<group>";
		};
		B713AA002EFF362F005F14C2 /* Products */ = {
			isa = PBXGroup;
			children = (
				B713A9FF2EFF362F005F14C2 /* CashGameCalculator.app */,
				B713AA0F2EFF3630005F14C2 /* CashGameCalculatorTests.xctest */,
				B713AA192EFF3630005F14C2 /* CashGameCalculatorUITests.xctest */,
			);
			name = Products;
			sourceTree = "<group>";
		};
/* End PBXGroup section */

/* Begin PBXNativeTarget section */
		B713A9FE2EFF362F005F14C2 /* CashGameCalculator */ = {
			isa = PBXNativeTarget;
			buildConfigurationList = B713AA232EFF3630005F14C2 /* Build configuration list for PBXNativeTarget "CashGameCalculator" */;
			buildPhases = (
				B713A9FB2EFF362F005F14C2 /* Sources */,
				B713A9FC2EFF362F005F14C2 /* Frameworks */,
				B713A9FD2EFF362F005F14C2 /* Resources */,
			);
			buildRules = (
			);
			dependencies = (
			);
			fileSystemSynchronizedGroups = (
				B713AA012EFF362F005F14C2 /* CashGameCalculator */,
			);
			name = CashGameCalculator;
			packageProductDependencies = (
			);
			productName = CashGameCalculator;
			productReference = B713A9FF2EFF362F005F14C2 /* CashGameCalculator.app */;
			productType = "com.apple.product-type.application";
		};
		B713AA0E2EFF3630005F14C2 /* CashGameCalculatorTests */ = {
			isa = PBXNativeTarget;
			buildConfigurationList = B713AA262EFF3630005F14C2 /* Build configuration list for PBXNativeTarget "CashGameCalculatorTests" */;
			buildPhases = (
				B713AA0B2EFF3630005F14C2 /* Sources */,
				B713AA0C2EFF3630005F14C2 /* Frameworks */,
				B713AA0D2EFF3630005F14C2 /* Resources */,
			);
			buildRules = (
			);
			dependencies = (
				B713AA112EFF3630005F14C2 /* PBXTargetDependency */,
			);
			fileSystemSynchronizedGroups = (
				B713AA122EFF3630005F14C2 /* CashGameCalculatorTests */,
			);
			name = CashGameCalculatorTests;
			packageProductDependencies = (
			);
			productName = CashGameCalculatorTests;
			productReference = B713AA0F2EFF3630005F14C2 /* CashGameCalculatorTests.xctest */;
			productType = "com.apple.product-type.bundle.unit-test";
		};
		B713AA182EFF3630005F14C2 /* CashGameCalculatorUITests */ = {
			isa = PBXNativeTarget;
			buildConfigurationList = B713AA292EFF3630005F14C2 /* Build configuration list for PBXNativeTarget "CashGameCalculatorUITests" */;
			buildPhases = (
				B713AA152EFF3630005F14C2 /* Sources */,
				B713AA162EFF3630005F14C2 /* Frameworks */,
				B713AA172EFF3630005F14C2 /* Resources */,
			);
			buildRules = (
			);
			dependencies = (
				B713AA1B2EFF3630005F14C2 /* PBXTargetDependency */,
			);
			fileSystemSynchronizedGroups = (
				B713AA1C2EFF3630005F14C2 /* CashGameCalculatorUITests */,
			);
			name = CashGameCalculatorUITests;
			packageProductDependencies = (
			);
			productName = CashGameCalculatorUITests;
			productReference = B713AA192EFF3630005F14C2 /* CashGameCalculatorUITests.xctest */;
			productType = "com.apple.product-type.bundle.ui-testing";
		};
/* End PBXNativeTarget section */

/* Begin PBXProject section */
		B713A9F72EFF362F005F14C2 /* Project object */ = {
			isa = PBXProject;
			attributes = {
				BuildIndependentTargetsInParallel = 1;
				LastSwiftUpdateCheck = 1620;
				LastUpgradeCheck = 1620;
				TargetAttributes = {
					B713A9FE2EFF362F005F14C2 = {
						CreatedOnToolsVersion = 16.2;
					};
					B713AA0E2EFF3630005F14C2 = {
						CreatedOnToolsVersion = 16.2;
						TestTargetID = B713A9FE2EFF362F005F14C2;
					};
					B713AA182EFF3630005F14C2 = {
						CreatedOnToolsVersion = 16.2;
						TestTargetID = B713A9FE2EFF362F005F14C2;
					};
				};
			};
			buildConfigurationList = B713A9FA2EFF362F005F14C2 /* Build configuration list for PBXProject "CashGameCalculator" */;
			developmentRegion = en;
			hasScannedForEncodings = 0;
			knownRegions = (
				en,
				Base,
			);
			mainGroup = B713A9F62EFF362F005F14C2;
			minimizedProjectReferenceProxies = 1;
			preferredProjectObjectVersion = 77;
			productRefGroup = B713AA002EFF362F005F14C2 /* Products */;
			projectDirPath = "";
			projectRoot = "";
			targets = (
				B713A9FE2EFF362F005F14C2 /* CashGameCalculator */,
				B713AA0E2EFF3630005F14C2 /* CashGameCalculatorTests */,
				B713AA182EFF3630005F14C2 /* CashGameCalculatorUITests */,
			);
		};
/* End PBXProject section */

/* Begin PBXResourcesBuildPhase section */
		B713A9FD2EFF362F005F14C2 /* Resources */ = {
			isa = PBXResourcesBuildPhase;
			buildActionMask = 2147483647;
			files = (
			);
			runOnlyForDeploymentPostprocessing = 0;
		};
		B713AA0D2EFF3630005F14C2 /* Resources */ = {
			isa = PBXResourcesBuildPhase;
			buildActionMask = 2147483647;
			files = (
			);
			runOnlyForDeploymentPostprocessing = 0;
		};
		B713AA172EFF3630005F14C2 /* Resources */ = {
			isa = PBXResourcesBuildPhase;
			buildActionMask = 2147483647;
			files = (
			);
			runOnlyForDeploymentPostprocessing = 0;
		};
/* End PBXResourcesBuildPhase section */

/* Begin PBXSourcesBuildPhase section */
		B713A9FB2EFF362F005F14C2 /* Sources */ = {
			isa = PBXSourcesBuildPhase;
			buildActionMask = 2147483647;
			files = (
			);
			runOnlyForDeploymentPostprocessing = 0;
		};
		B713AA0B2EFF3630005F14C2 /* Sources */ = {
			isa = PBXSourcesBuildPhase;
			buildActionMask = 2147483647;
			files = (
			);
			runOnlyForDeploymentPostprocessing = 0;
		};
		B713AA152EFF3630005F14C2 /* Sources */ = {
			isa = PBXSourcesBuildPhase;
			buildActionMask = 2147483647;
			files = (
			);
			runOnlyForDeploymentPostprocessing = 0;
		};
/* End PBXSourcesBuildPhase section */

/* Begin PBXTargetDependency section */
		B713AA112EFF3630005F14C2 /* PBXTargetDependency */ = {
			isa = PBXTargetDependency;
			target = B713A9FE2EFF362F005F14C2 /* CashGameCalculator */;
			targetProxy = B713AA102EFF3630005F14C2 /* PBXContainerItemProxy */;
		};
		B713AA1B2EFF3630005F14C2 /* PBXTargetDependency */ = {
			isa = PBXTargetDependency;
			target = B713A9FE2EFF362F005F14C2 /* CashGameCalculator */;
			targetProxy = B713AA1A2EFF3630005F14C2 /* PBXContainerItemProxy */;
		};
/* End PBXTargetDependency section */

/* Begin XCBuildConfiguration section */
		B713AA212EFF3630005F14C2 /* Debug */ = {
			isa = XCBuildConfiguration;
			buildSettings = {
				ALWAYS_SEARCH_USER_PATHS = NO;
				ASSETCATALOG_COMPILER_GENERATE_SWIFT_ASSET_SYMBOL_EXTENSIONS = YES;
				CLANG_ANALYZER_NONNULL = YES;
				CLANG_ANALYZER_NUMBER_OBJECT_CONVERSION = YES_AGGRESSIVE;
				CLANG_CXX_LANGUAGE_STANDARD = "gnu++20";
				CLANG_ENABLE_MODULES = YES;
				CLANG_ENABLE_OBJC_ARC = YES;
				CLANG_ENABLE_OBJC_WEAK = YES;
				CLANG_WARN_BLOCK_CAPTURE_AUTORELEASING = YES;
				CLANG_WARN_BOOL_CONVERSION = YES;
				CLANG_WARN_COMMA = YES;
				CLANG_WARN_CONSTANT_CONVERSION = YES;
				CLANG_WARN_DEPRECATED_OBJC_IMPLEMENTATIONS = YES;
				CLANG_WARN_DIRECT_OBJC_ISA_USAGE = YES_ERROR;
				CLANG_WARN_DOCUMENTATION_COMMENTS = YES;
				CLANG_WARN_EMPTY_BODY = YES;
				CLANG_WARN_ENUM_CONVERSION = YES;
				CLANG_WARN_INFINITE_RECURSION = YES;
				CLANG_WARN_INT_CONVERSION = YES;
				CLANG_WARN_NON_LITERAL_NULL_CONVERSION = YES;
				CLANG_WARN_OBJC_IMPLICIT_RETAIN_SELF = YES;
				CLANG_WARN_OBJC_LITERAL_CONVERSION = YES;
				CLANG_WARN_OBJC_ROOT_CLASS = YES_ERROR;
				CLANG_WARN_QUOTED_INCLUDE_IN_FRAMEWORK_HEADER = YES;
				CLANG_WARN_RANGE_LOOP_ANALYSIS = YES;
				CLANG_WARN_STRICT_PROTOTYPES = YES;
				CLANG_WARN_SUSPICIOUS_MOVE = YES;
				CLANG_WARN_UNGUARDED_AVAILABILITY = YES_AGGRESSIVE;
				CLANG_WARN_UNREACHABLE_CODE = YES;
				CLANG_WARN__DUPLICATE_METHOD_MATCH = YES;
				COPY_PHASE_STRIP = NO;
				DEBUG_INFORMATION_FORMAT = dwarf;
				ENABLE_STRICT_OBJC_MSGSEND = YES;
				ENABLE_TESTABILITY = YES;
				ENABLE_USER_SCRIPT_SANDBOXING = YES;
				GCC_C_LANGUAGE_STANDARD = gnu17;
				GCC_DYNAMIC_NO_PIC = NO;
				GCC_NO_COMMON_BLOCKS = YES;
				GCC_OPTIMIZATION_LEVEL = 0;
				GCC_PREPROCESSOR_DEFINITIONS = (
					"DEBUG=1",
					"$(inherited)",
				);
				GCC_WARN_64_TO_32_BIT_CONVERSION = YES;
				GCC_WARN_ABOUT_RETURN_TYPE = YES_ERROR;
				GCC_WARN_UNDECLARED_SELECTOR = YES;
				GCC_WARN_UNINITIALIZED_AUTOS = YES_AGGRESSIVE;
				GCC_WARN_UNUSED_FUNCTION = YES;
				GCC_WARN_UNUSED_VARIABLE = YES;
				IPHONEOS_DEPLOYMENT_TARGET = 18.2;
				LOCALIZATION_PREFERS_STRING_CATALOGS = YES;
				MTL_ENABLE_DEBUG_INFO = INCLUDE_SOURCE;
				MTL_FAST_MATH = YES;
				ONLY_ACTIVE_ARCH = YES;
				SDKROOT = iphoneos;
				SWIFT_ACTIVE_COMPILATION_CONDITIONS = "DEBUG $(inherited)";
				SWIFT_OPTIMIZATION_LEVEL = "-Onone";
			};
			name = Debug;
		};
		B713AA222EFF3630005F14C2 /* Release */ = {
			isa = XCBuildConfiguration;
			buildSettings = {
				ALWAYS_SEARCH_USER_PATHS = NO;
				ASSETCATALOG_COMPILER_GENERATE_SWIFT_ASSET_SYMBOL_EXTENSIONS = YES;
				CLANG_ANALYZER_NONNULL = YES;
				CLANG_ANALYZER_NUMBER_OBJECT_CONVERSION = YES_AGGRESSIVE;
				CLANG_CXX_LANGUAGE_STANDARD = "gnu++20";
				CLANG_ENABLE_MODULES = YES;
				CLANG_ENABLE_OBJC_ARC = YES;
				CLANG_ENABLE_OBJC_WEAK = YES;
				CLANG_WARN_BLOCK_CAPTURE_AUTORELEASING = YES;
				CLANG_WARN_BOOL_CONVERSION = YES;
				CLANG_WARN_COMMA = YES;
				CLANG_WARN_CONSTANT_CONVERSION = YES;
				CLANG_WARN_DEPRECATED_OBJC_IMPLEMENTATIONS = YES;
				CLANG_WARN_DIRECT_OBJC_ISA_USAGE = YES_ERROR;
				CLANG_WARN_DOCUMENTATION_COMMENTS = YES;
				CLANG_WARN_EMPTY_BODY = YES;
				CLANG_WARN_ENUM_CONVERSION = YES;
				CLANG_WARN_INFINITE_RECURSION = YES;
				CLANG_WARN_INT_CONVERSION = YES;
				CLANG_WARN_NON_LITERAL_NULL_CONVERSION = YES;
				CLANG_WARN_OBJC_IMPLICIT_RETAIN_SELF = YES;
				CLANG_WARN_OBJC_LITERAL_CONVERSION = YES;
				CLANG_WARN_OBJC_ROOT_CLASS = YES_ERROR;
				CLANG_WARN_QUOTED_INCLUDE_IN_FRAMEWORK_HEADER = YES;
				CLANG_WARN_RANGE_LOOP_ANALYSIS = YES;
				CLANG_WARN_STRICT_PROTOTYPES = YES;
				CLANG_WARN_SUSPICIOUS_MOVE = YES;
				CLANG_WARN_UNGUARDED_AVAILABILITY = YES_AGGRESSIVE;
				CLANG_WARN_UNREACHABLE_CODE = YES;
				CLANG_WARN__DUPLICATE_METHOD_MATCH = YES;
				COPY_PHASE_STRIP = NO;
				DEBUG_INFORMATION_FORMAT = "dwarf-with-dsym";
				ENABLE_NS_ASSERTIONS = NO;
				ENABLE_STRICT_OBJC_MSGSEND = YES;
				ENABLE_USER_SCRIPT_SANDBOXING = YES;
				GCC_C_LANGUAGE_STANDARD = gnu17;
				GCC_NO_COMMON_BLOCKS = YES;
				GCC_WARN_64_TO_32_BIT_CONVERSION = YES;
				GCC_WARN_ABOUT_RETURN_TYPE = YES_ERROR;
				GCC_WARN_UNDECLARED_SELECTOR = YES;
				GCC_WARN_UNINITIALIZED_AUTOS = YES_AGGRESSIVE;
				GCC_WARN_UNUSED_FUNCTION = YES;
				GCC_WARN_UNUSED_VARIABLE = YES;
				IPHONEOS_DEPLOYMENT_TARGET = 18.2;
				LOCALIZATION_PREFERS_STRING_CATALOGS = YES;
				MTL_ENABLE_DEBUG_INFO = NO;
				MTL_FAST_MATH = YES;
				SDKROOT = iphoneos;
				SWIFT_COMPILATION_MODE = wholemodule;
				VALIDATE_PRODUCT = YES;
			};
			name = Release;
		};
		B713AA242EFF3630005F14C2 /* Debug */ = {
			isa = XCBuildConfiguration;
			buildSettings = {
				ASSETCATALOG_COMPILER_APPICON_NAME = AppIcon;
				ASSETCATALOG_COMPILER_GLOBAL_ACCENT_COLOR_NAME = AccentColor;
				CODE_SIGN_STYLE = Automatic;
				CURRENT_PROJECT_VERSION = 1;
				DEVELOPMENT_ASSET_PATHS = "\"CashGameCalculator/Preview Content\"";
				DEVELOPMENT_TEAM = GY297M989G;
				ENABLE_PREVIEWS = YES;
				GENERATE_INFOPLIST_FILE = YES;
				INFOPLIST_KEY_CFBundleDisplayName = CashCount;
				INFOPLIST_KEY_UIApplicationSceneManifest_Generation = YES;
				INFOPLIST_KEY_UIApplicationSupportsIndirectInputEvents = YES;
				INFOPLIST_KEY_UILaunchStoryboardName = LaunchScreen;
				INFOPLIST_KEY_UISupportedInterfaceOrientations = UIInterfaceOrientationPortrait;
				INFOPLIST_KEY_UISupportedInterfaceOrientations_iPad = "UIInterfaceOrientationLandscapeLeft UIInterfaceOrientationLandscapeRight UIInterfaceOrientationPortrait UIInterfaceOrientationPortraitUpsideDown";
				LD_RUNPATH_SEARCH_PATHS = (
					"$(inherited)",
					"@executable_path/Frameworks",
				);
				MARKETING_VERSION = 1.0;
				PRODUCT_BUNDLE_IDENTIFIER = spensersembrat.CashGameCalculator;
				PRODUCT_NAME = "$(TARGET_NAME)";
				SUPPORTED_PLATFORMS = "iphoneos iphonesimulator";
				SUPPORTS_MACCATALYST = NO;
				SUPPORTS_MAC_DESIGNED_FOR_IPHONE_IPAD = NO;
				SUPPORTS_XR_DESIGNED_FOR_IPHONE_IPAD = NO;
				SWIFT_EMIT_LOC_STRINGS = YES;
				SWIFT_VERSION = 5.0;
				TARGETED_DEVICE_FAMILY = 1;
			};
			name = Debug;
		};
		B713AA252EFF3630005F14C2 /* Release */ = {
			isa = XCBuildConfiguration;
			buildSettings = {
				ASSETCATALOG_COMPILER_APPICON_NAME = AppIcon;
				ASSETCATALOG_COMPILER_GLOBAL_ACCENT_COLOR_NAME = AccentColor;
				CODE_SIGN_STYLE = Automatic;
				CURRENT_PROJECT_VERSION = 1;
				DEVELOPMENT_ASSET_PATHS = "\"CashGameCalculator/Preview Content\"";
				DEVELOPMENT_TEAM = GY297M989G;
				ENABLE_PREVIEWS = YES;
				GENERATE_INFOPLIST_FILE = YES;
				INFOPLIST_KEY_CFBundleDisplayName = CashCount;
				INFOPLIST_KEY_UIApplicationSceneManifest_Generation = YES;
				INFOPLIST_KEY_UIApplicationSupportsIndirectInputEvents = YES;
				INFOPLIST_KEY_UILaunchStoryboardName = LaunchScreen;
				INFOPLIST_KEY_UISupportedInterfaceOrientations = UIInterfaceOrientationPortrait;
				INFOPLIST_KEY_UISupportedInterfaceOrientations_iPad = "UIInterfaceOrientationLandscapeLeft UIInterfaceOrientationLandscapeRight UIInterfaceOrientationPortrait UIInterfaceOrientationPortraitUpsideDown";
				LD_RUNPATH_SEARCH_PATHS = (
					"$(inherited)",
					"@executable_path/Frameworks",
				);
				MARKETING_VERSION = 1.0;
				PRODUCT_BUNDLE_IDENTIFIER = spensersembrat.CashGameCalculator;
				PRODUCT_NAME = "$(TARGET_NAME)";
				SUPPORTED_PLATFORMS = "iphoneos iphonesimulator";
				SUPPORTS_MACCATALYST = NO;
				SUPPORTS_MAC_DESIGNED_FOR_IPHONE_IPAD = NO;
				SUPPORTS_XR_DESIGNED_FOR_IPHONE_IPAD = NO;
				SWIFT_EMIT_LOC_STRINGS = YES;
				SWIFT_VERSION = 5.0;
				TARGETED_DEVICE_FAMILY = 1;
			};
			name = Release;
		};
		B713AA272EFF3630005F14C2 /* Debug */ = {
			isa = XCBuildConfiguration;
			buildSettings = {
				BUNDLE_LOADER = "$(TEST_HOST)";
				CODE_SIGN_STYLE = Automatic;
				CURRENT_PROJECT_VERSION = 1;
				DEVELOPMENT_TEAM = GY297M989G;
				GENERATE_INFOPLIST_FILE = YES;
				IPHONEOS_DEPLOYMENT_TARGET = 18.2;
				MARKETING_VERSION = 1.0;
				PRODUCT_BUNDLE_IDENTIFIER = spensersembrat.CashGameCalculatorTests;
				PRODUCT_NAME = "$(TARGET_NAME)";
				SWIFT_EMIT_LOC_STRINGS = NO;
				SWIFT_VERSION = 5.0;
				TARGETED_DEVICE_FAMILY = 1;
				TEST_HOST = "$(BUILT_PRODUCTS_DIR)/CashGameCalculator.app/$(BUNDLE_EXECUTABLE_FOLDER_PATH)/CashGameCalculator";
			};
			name = Debug;
		};
		B713AA282EFF3630005F14C2 /* Release */ = {
			isa = XCBuildConfiguration;
			buildSettings = {
				BUNDLE_LOADER = "$(TEST_HOST)";
				CODE_SIGN_STYLE = Automatic;
				CURRENT_PROJECT_VERSION = 1;
				DEVELOPMENT_TEAM = GY297M989G;
				GENERATE_INFOPLIST_FILE = YES;
				IPHONEOS_DEPLOYMENT_TARGET = 18.2;
				MARKETING_VERSION = 1.0;
				PRODUCT_BUNDLE_IDENTIFIER = spensersembrat.CashGameCalculatorTests;
				PRODUCT_NAME = "$(TARGET_NAME)";
				SWIFT_EMIT_LOC_STRINGS = NO;
				SWIFT_VERSION = 5.0;
				TARGETED_DEVICE_FAMILY = 1;
				TEST_HOST = "$(BUILT_PRODUCTS_DIR)/CashGameCalculator.app/$(BUNDLE_EXECUTABLE_FOLDER_PATH)/CashGameCalculator";
			};
			name = Release;
		};
		B713AA2A2EFF3630005F14C2 /* Debug */ = {
			isa = XCBuildConfiguration;
			buildSettings = {
				CODE_SIGN_STYLE = Automatic;
				CURRENT_PROJECT_VERSION = 1;
				DEVELOPMENT_TEAM = GY297M989G;
				GENERATE_INFOPLIST_FILE = YES;
				MARKETING_VERSION = 1.0;
				PRODUCT_BUNDLE_IDENTIFIER = spensersembrat.CashGameCalculatorUITests;
				PRODUCT_NAME = "$(TARGET_NAME)";
				SWIFT_EMIT_LOC_STRINGS = NO;
				SWIFT_VERSION = 5.0;
				TARGETED_DEVICE_FAMILY = 1;
				TEST_TARGET_NAME = CashGameCalculator;
			};
			name = Debug;
		};
		B713AA2B2EFF3630005F14C2 /* Release */ = {
			isa = XCBuildConfiguration;
			buildSettings = {
				CODE_SIGN_STYLE = Automatic;
				CURRENT_PROJECT_VERSION = 1;
				DEVELOPMENT_TEAM = GY297M989G;
				GENERATE_INFOPLIST_FILE = YES;
				MARKETING_VERSION = 1.0;
				PRODUCT_BUNDLE_IDENTIFIER = spensersembrat.CashGameCalculatorUITests;
				PRODUCT_NAME = "$(TARGET_NAME)";
				SWIFT_EMIT_LOC_STRINGS = NO;
				SWIFT_VERSION = 5.0;
				TARGETED_DEVICE_FAMILY = 1;
				TEST_TARGET_NAME = CashGameCalculator;
			};
			name = Release;
		};
/* End XCBuildConfiguration section */

/* Begin XCConfigurationList section */
		B713A9FA2EFF362F005F14C2 /* Build configuration list for PBXProject "CashGameCalculator" */ = {
			isa = XCConfigurationList;
			buildConfigurations = (
				B713AA212EFF3630005F14C2 /* Debug */,
				B713AA222EFF3630005F14C2 /* Release */,
			);
			defaultConfigurationIsVisible = 0;
			defaultConfigurationName = Release;
		};
		B713AA232EFF3630005F14C2 /* Build configuration list for PBXNativeTarget "CashGameCalculator" */ = {
			isa = XCConfigurationList;
			buildConfigurations = (
				B713AA242EFF3630005F14C2 /* Debug */,
				B713AA252EFF3630005F14C2 /* Release */,
			);
			defaultConfigurationIsVisible = 0;
			defaultConfigurationName = Release;
		};
		B713AA262EFF3630005F14C2 /* Build configuration list for PBXNativeTarget "CashGameCalculatorTests" */ = {
			isa = XCConfigurationList;
			buildConfigurations = (
				B713AA272EFF3630005F14C2 /* Debug */,
				B713AA282EFF3630005F14C2 /* Release */,
			);
			defaultConfigurationIsVisible = 0;
			defaultConfigurationName = Release;
		};
		B713AA292EFF3630005F14C2 /* Build configuration list for PBXNativeTarget "CashGameCalculatorUITests" */ = {
			isa = XCConfigurationList;
			buildConfigurations = (
				B713AA2A2EFF3630005F14C2 /* Debug */,
				B713AA2B2EFF3630005F14C2 /* Release */,
			);
			defaultConfigurationIsVisible = 0;
			defaultConfigurationName = Release;
		};
/* End XCConfigurationList section */
	};
	rootObject = B713A9F72EFF362F005F14C2 /* Project object */;
}
